
Microsoft Visual Studio Solution File, Format Version 12.00
# Visual Studio Version 17
VisualStudioVersion = 17.14.36511.14
MinimumVisualStudioVersion = 10.0.40219.1
Project("{2150E333-8FDC-42A3-9474-1A3956D46DE8}") = "Konu2_TipDonusumleri", "Konu2_TipDonusumleri", "{02EA681E-C7D8-13C7-8484-4AC65E1B71E8}"
EndProject
Project("{2150E333-8FDC-42A3-9474-1A3956D46DE8}") = "Konu3_Operatorler", "Konu3_Operatorler", "{F053FCB4-92B3-4DF2-B232-39D5FDDE935F}"
EndProject
Project("{FAE04EC0-301F-11D3-BF4B-00C04F79EFBC}") = "260116_4_Convert_Tip_Donusumleri", "260116_4_Convert_Tip_Donusumleri\260116_4_Convert_Tip_Donusumleri.csproj", "{25103BEE-1CF3-48E1-8954-BD8245A0FB3B}"
EndProject
Project("{2150E333-8FDC-42A3-9474-1A3956D46DE8}") = "Konu1_VeriTipleri", "Konu1_VeriTipleri", "{CF7B8F55-27F1-4998-AE1C-09321BC92B76}"
EndProject
Project("{FAE04EC0-301F-11D3-BF4B-00C04F79EFBC}") = "260113_1_Parse_Tip_Donusumu", "260113_1_Parse_Tip_Donusumu\260113_1_Parse_Tip_Donusumu.csproj", "{02FA6566-6FEE-48E2-BC6F-D05DE9811BC6}"
EndProject
Project("{FAE04EC0-301F-11D3-BF4B-00C04F79EFBC}") = "260113_2_Cast_Tip_Donusumu", "260113_2_Cast_Tip_Donusumu\260113_2_Cast_Tip_Donusumu.csproj", "{F2005DD3-B402-47B8-8C35-D077C3FB72EE}"
EndProject
Project("{FAE04EC0-301F-11D3-BF4B-00C04F79EFBC}") = "260113_ToString_Tip_Donusumu", "260113_ToString_Tip_Donusumu\260113_ToString_Tip_Donusumu.csproj", "{334A7C18-CA6A-4614-B37F-A2F06732E08C}"
EndProject
Project("{FAE04EC0-301F-11D3-BF4B-00C04F79EFBC}") = "260113_4_Ornek", "260113_4_Ornek\260113_4_Ornek.csproj", "{8480DAF9-8EA4-4FED-BAF6-F68B87F5BFC1}"
EndProject
Project("{FAE04EC0-301F-11D3-BF4B-00C04F79EFBC}") = "260113_Odevler", "260113_Odevler\260113_Odevler.csproj", "{8561BF5E-DE27-4351-AF00-F2F2035D4DB0}"
EndProject
Project("{FAE04EC0-301F-11D3-BF4B-00C04F79EFBC}") = "260115_1_Aritmetik_Operatorler", "260115_1_Aritmetik_Operatorler\260115_1_Aritmetik_Operatorler.csproj", "{6C1B43C1-4A48-4851-AED0-2455EA63B00F}"
EndProject
Project("{FAE04EC0-301F-11D3-BF4B-00C04F79EFBC}") = "260115_2_Karsilastirma_Operatorleri", "260115_2_Karsilastirma_Operatorleri\260115_2_Karsilastirma_Operatorleri.csproj", "{EF03FBA1-CF68-4AA0-80B6-AA90874390F6}"
EndProject
Project("{FAE04EC0-301F-11D3-BF4B-00C04F79EFBC}") = "260115_3_Mantiksal_Operatorler", "260115_3_Mantiksal_Operatorler\260115_3_Mantiksal_Operatorler.csproj", "{A5EE4B82-A226-4814-B5BB-373FDC458C9E}"
EndProject
Project("{FAE04EC0-301F-11D3-BF4B-00C04F79EFBC}") = "260115_4_Ornek_Operatorler", "260115_4_Ornek_Operatorler\260115_4_Ornek_Operatorler.csproj", "{98AB3B3E-C1A4-406A-810B-B0AA9210BAF3}"
EndProject
Project("{FAE04EC0-301F-11D3-BF4B-00C04F79EFBC}") = "260116_1_Atama_Operatorleri", "260116_1_Atama_Operatorleri\260116_1_Atama_Operatorleri.csproj", "{F7DDA2EA-0388-4956-B8A4-64CE3A3D3AD3}"
EndProject
Project("{FAE04EC0-301F-11D3-BF4B-00C04F79EFBC}") = "260108_1_Giris_Console", "..\260108_1_Giris_Console\260108_1_Giris_Console\260108_1_Giris_Console.csproj", "{C07A644E-B0BB-5AFA-0590-507B4B925FE2}"
EndProject
Project("{FAE04EC0-301F-11D3-BF4B-00C04F79EFBC}") = "260108_3_Ondalik_Degiskenler", "..\260108_3_Ondalik_Degiskenler\260108_3_Ondalik_Degiskenler\260108_3_Ondalik_Degiskenler.csproj", "{3AD5FE16-C4A6-0194-8004-BC408A4BC847}"
EndProject
Project("{FAE04EC0-301F-11D3-BF4B-00C04F79EFBC}") = "260108_4_metinsel_degiskenler", "..\260108_4_metinsel_degiskenler\260108_4_metinsel_degiskenler\260108_4_metinsel_degiskenler.csproj", "{6D5840EB-EA4B-0A90-91AD-B47BFD81FFE6}"
EndProject
Project("{FAE04EC0-301F-11D3-BF4B-00C04F79EFBC}") = "2601008_2_Tam_Sayi_Degiskenler", "..\2601008_2_Tam_Sayi_Degiskenler\2601008_2_Tam_Sayi_Degiskenler\2601008_2_Tam_Sayi_Degiskenler.csproj", "{4D841955-5E60-B38B-C8AC-F94C0BFC22E3}"
EndProject
Project("{FAE04EC0-301F-11D3-BF4B-00C04F79EFBC}") = "260116_2_Odevler", "260116_2_Odevler\260116_2_Odevler.csproj", "{DDD18A58-004C-40EA-9CCF-91CE46E74BE3}"
EndProject
Project("{2150E333-8FDC-42A3-9474-1A3956D46DE8}") = "Konu4_Karar_Yapilari", "Konu4_Karar_Yapilari", "{145FEF63-2522-43CF-94C9-B187A2B3EE9A}"
EndProject
Project("{FAE04EC0-301F-11D3-BF4B-00C04F79EFBC}") = "260120_1_Tanim", "260120_1_Tanim\260120_1_Tanim.csproj", "{7221E11F-CD16-4BF1-9004-8FE3D4CDEFA4}"
EndProject
Project("{FAE04EC0-301F-11D3-BF4B-00C04F79EFBC}") = "260120_2_if_else_Ornek", "260120_2_if_else_Ornek\260120_2_if_else_Ornek.csproj", "{ED3B8BCF-F511-4626-A59A-47AE7B458ABF}"
EndProject
Project("{FAE04EC0-301F-11D3-BF4B-00C04F79EFBC}") = "260120_3_if_else_Login", "260120_3_if_else_Login\260120_3_if_else_Login.csproj", "{7B31DC1F-CE75-4F4F-981F-5A210D8B854E}"
EndProject
Project("{FAE04EC0-301F-11D3-BF4B-00C04F79EFBC}") = "260120_4_if_else_maas_cinsiyet", "260120_4_if_else_maas_cinsiyet\260120_4_if_else_maas_cinsiyet.csproj", "{E44AF03D-1D31-40E3-ABC4-8533FAF84D16}"
EndProject
Project("{FAE04EC0-301F-11D3-BF4B-00C04F79EFBC}") = "260120_5_if_elseif_else_tanim", "260120_5_if_elseif_else_tanim\260120_5_if_elseif_else_tanim.csproj", "{FFDA05C2-DCA2-487A-94EB-72423AA122DA}"
EndProject
Project("{FAE04EC0-301F-11D3-BF4B-00C04F79EFBC}") = "260122_1_if_elseif_else_fatura", "260122_1_if_elseif_else_fatura\260122_1_if_elseif_else_fatura.csproj", "{8E60509F-F681-41FC-A182-ED13B8482039}"
EndProject
Project("{FAE04EC0-301F-11D3-BF4B-00C04F79EFBC}") = "260122_2_if_elseif_else_siralama", "260122_2_if_elseif_else_siralama\260122_2_if_elseif_else_siralama.csproj", "{DAD352BE-7E65-409D-BCD1-26B0C76A7A32}"
EndProject
Project("{FAE04EC0-301F-11D3-BF4B-00C04F79EFBC}") = "260122_3_if_elseif_else_emekli", "260122_3_if_elseif_else_emekli\260122_3_if_elseif_else_emekli.csproj", "{DB426C41-BC4F-4CA4-8B3E-ADC99C229BF5}"
EndProject
Project("{FAE04EC0-301F-11D3-BF4B-00C04F79EFBC}") = "260122_4_HocaninYaptigi", "260122_4_HocaninYaptigi\260122_4_HocaninYaptigi.csproj", "{787BB2E5-94B4-4D5B-8CF4-F87DEE35464C}"
EndProject
Project("{FAE04EC0-301F-11D3-BF4B-00C04F79EFBC}") = "260122_HocaninYaptigi2", "260122_HocaninYaptigi2\260122_HocaninYaptigi2.csproj", "{4C74A4D5-8DE3-4381-9F53-1448A2F4F9FB}"
EndProject
Project("{FAE04EC0-301F-11D3-BF4B-00C04F79EFBC}") = "260122_5_maas_zam", "260122_5_maas_zam\260122_5_maas_zam.csproj", "{0B08C0BC-BD65-4F08-A334-D7DCC926F125}"
EndProject
Project("{FAE04EC0-301F-11D3-BF4B-00C04F79EFBC}") = "260123_1_switch_case", "260123_1_switch_case\260123_1_switch_case.csproj", "{FC2D83D4-9B4C-467B-9FEC-A07A83E4388B}"
EndProject
Project("{FAE04EC0-301F-11D3-BF4B-00C04F79EFBC}") = "260123_2_switch_case_ornek1", "260123_2_switch_case_ornek1\260123_2_switch_case_ornek1.csproj", "{5F22E6CC-FBFA-480E-8587-4F9940E42A48}"
EndProject
Project("{FAE04EC0-301F-11D3-BF4B-00C04F79EFBC}") = "260123_3_ternary_operatoru", "260123_3_ternary_operatoru\260123_3_ternary_operatoru.csproj", "{119DA607-42BF-4D87-860B-A43F009A11B9}"
EndProject
Project("{2150E333-8FDC-42A3-9474-1A3956D46DE8}") = "Konu5_Donguler_Diziler", "Konu5_Donguler_Diziler", "{76D5C924-DE57-42AA-B5F0-2756D4729008}"
EndProject
Project("{FAE04EC0-301F-11D3-BF4B-00C04F79EFBC}") = "260123_4_while", "260123_4_while\260123_4_while.csproj", "{07B8E2A6-01C4-4A1F-9CC9-3EC2B90931AA}"
EndProject
Project("{FAE04EC0-301F-11D3-BF4B-00C04F79EFBC}") = "260123_5_while_ornek1", "260123_5_while_ornek1\260123_5_while_ornek1.csproj", "{1569E690-07F0-4F35-A768-132CC4A29B54}"
EndProject
Project("{FAE04EC0-301F-11D3-BF4B-00C04F79EFBC}") = "260123_6_while_ornek2", "260123_6_while_ornek2\260123_6_while_ornek2.csproj", "{9EE3ECD9-6A86-4AA1-9988-621C14D185E9}"
EndProject
Project("{FAE04EC0-301F-11D3-BF4B-00C04F79EFBC}") = "260127_1_Super_sayi_while", "260127_1_Super_sayi_while\260127_1_Super_sayi_while.csproj", "{578F9C3E-AD55-4F90-A7CF-DBA7890A8959}"
EndProject
Project("{FAE04EC0-301F-11D3-BF4B-00C04F79EFBC}") = "260127_2_do_while", "260127_2_do_while\260127_2_do_while.csproj", "{D2EAA862-2A39-480A-909E-556C06194B05}"
EndProject
Project("{FAE04EC0-301F-11D3-BF4B-00C04F79EFBC}") = "260127_3_do_while_ornek1", "260127_3_do_while_ornek1\260127_3_do_while_ornek1.csproj", "{9C3AE3EB-2CDC-4EE0-9EC0-9DD87EE2FFDC}"
EndProject
Project("{FAE04EC0-301F-11D3-BF4B-00C04F79EFBC}") = "260129_1_for_Dongusu", "260129_1_for_Dongusu\260129_1_for_Dongusu.csproj", "{B6B2CDD2-9A4D-4F65-9A0B-C283AA2F4E71}"
EndProject
Project("{FAE04EC0-301F-11D3-BF4B-00C04F79EFBC}") = "260129_2_for_ornek1", "260129_2_for_ornek1\260129_2_for_ornek1.csproj", "{7175F832-F15E-4807-ADDD-848654805113}"
EndProject
Project("{FAE04EC0-301F-11D3-BF4B-00C04F79EFBC}") = "260129_3_for_ornek2", "260129_3_for_ornek2\260129_3_for_ornek2.csproj", "{F8B4C29E-1A98-4305-BA85-00CD6C2ECC91}"
EndProject
Global
	GlobalSection(SolutionConfigurationPlatforms) = preSolution
		Debug|Any CPU = Debug|Any CPU
		Release|Any CPU = Release|Any CPU
	EndGlobalSection
	GlobalSection(ProjectConfigurationPlatforms) = postSolution
		{25103BEE-1CF3-48E1-8954-BD8245A0FB3B}.Debug|Any CPU.ActiveCfg = Debug|Any CPU
		{25103BEE-1CF3-48E1-8954-BD8245A0FB3B}.Debug|Any CPU.Build.0 = Debug|Any CPU
		{25103BEE-1CF3-48E1-8954-BD8245A0FB3B}.Release|Any CPU.ActiveCfg = Release|Any CPU
		{25103BEE-1CF3-48E1-8954-BD8245A0FB3B}.Release|Any CPU.Build.0 = Release|Any CPU
		{02FA6566-6FEE-48E2-BC6F-D05DE9811BC6}.Debug|Any CPU.ActiveCfg = Debug|Any CPU
		{02FA6566-6FEE-48E2-BC6F-D05DE9811BC6}.Debug|Any CPU.Build.0 = Debug|Any CPU
		{02FA6566-6FEE-48E2-BC6F-D05DE9811BC6}.Release|Any CPU.ActiveCfg = Release|Any CPU
		{02FA6566-6FEE-48E2-BC6F-D05DE9811BC6}.Release|Any CPU.Build.0 = Release|Any CPU
		{F2005DD3-B402-47B8-8C35-D077C3FB72EE}.Debug|Any CPU.ActiveCfg = Debug|Any CPU
		{F2005DD3-B402-47B8-8C35-D077C3FB72EE}.Debug|Any CPU.Build.0 = Debug|Any CPU
		{F2005DD3-B402-47B8-8C35-D077C3FB72EE}.Release|Any CPU.ActiveCfg = Release|Any CPU
		{F2005DD3-B402-47B8-8C35-D077C3FB72EE}.Release|Any CPU.Build.0 = Release|Any CPU
		{334A7C18-CA6A-4614-B37F-A2F06732E08C}.Debug|Any CPU.ActiveCfg = Debug|Any CPU
		{334A7C18-CA6A-4614-B37F-A2F06732E08C}.Debug|Any CPU.Build.0 = Debug|Any CPU
		{334A7C18-CA6A-4614-B37F-A2F06732E08C}.Release|Any CPU.ActiveCfg = Release|Any CPU
		{334A7C18-CA6A-4614-B37F-A2F06732E08C}.Release|Any CPU.Build.0 = Release|Any CPU
		{8480DAF9-8EA4-4FED-BAF6-F68B87F5BFC1}.Debug|Any CPU.ActiveCfg = Debug|Any CPU
		{8480DAF9-8EA4-4FED-BAF6-F68B87F5BFC1}.Debug|Any CPU.Build.0 = Debug|Any CPU
		{8480DAF9-8EA4-4FED-BAF6-F68B87F5BFC1}.Release|Any CPU.ActiveCfg = Release|Any CPU
		{8480DAF9-8EA4-4FED-BAF6-F68B87F5BFC1}.Release|Any CPU.Build.0 = Release|Any CPU
		{8561BF5E-DE27-4351-AF00-F2F2035D4DB0}.Debug|Any CPU.ActiveCfg = Debug|Any CPU
		{8561BF5E-DE27-4351-AF00-F2F2035D4DB0}.Debug|Any CPU.Build.0 = Debug|Any CPU
		{8561BF5E-DE27-4351-AF00-F2F2035D4DB0}.Release|Any CPU.ActiveCfg = Release|Any CPU
		{8561BF5E-DE27-4351-AF00-F2F2035D4DB0}.Release|Any CPU.Build.0 = Release|Any CPU
		{6C1B43C1-4A48-4851-AED0-2455EA63B00F}.Debug|Any CPU.ActiveCfg = Debug|Any CPU
		{6C1B43C1-4A48-4851-AED0-2455EA63B00F}.Debug|Any CPU.Build.0 = Debug|Any CPU
		{6C1B43C1-4A48-4851-AED0-2455EA63B00F}.Release|Any CPU.ActiveCfg = Release|Any CPU
		{6C1B43C1-4A48-4851-AED0-2455EA63B00F}.Release|Any CPU.Build.0 = Release|Any CPU
		{EF03FBA1-CF68-4AA0-80B6-AA90874390F6}.Debug|Any CPU.ActiveCfg = Debug|Any CPU
		{EF03FBA1-CF68-4AA0-80B6-AA90874390F6}.Debug|Any CPU.Build.0 = Debug|Any CPU
		{EF03FBA1-CF68-4AA0-80B6-AA90874390F6}.Release|Any CPU.ActiveCfg = Release|Any CPU
		{EF03FBA1-CF68-4AA0-80B6-AA90874390F6}.Release|Any CPU.Build.0 = Release|Any CPU
		{A5EE4B82-A226-4814-B5BB-373FDC458C9E}.Debug|Any CPU.ActiveCfg = Debug|Any CPU
		{A5EE4B82-A226-4814-B5BB-373FDC458C9E}.Debug|Any CPU.Build.0 = Debug|Any CPU
		{A5EE4B82-A226-4814-B5BB-373FDC458C9E}.Release|Any CPU.ActiveCfg = Release|Any CPU
		{A5EE4B82-A226-4814-B5BB-373FDC458C9E}.Release|Any CPU.Build.0 = Release|Any CPU
		{98AB3B3E-C1A4-406A-810B-B0AA9210BAF3}.Debug|Any CPU.ActiveCfg = Debug|Any CPU
		{98AB3B3E-C1A4-406A-810B-B0AA9210BAF3}.Debug|Any CPU.Build.0 = Debug|Any CPU
		{98AB3B3E-C1A4-406A-810B-B0AA9210BAF3}.Release|Any CPU.ActiveCfg = Release|Any CPU
		{98AB3B3E-C1A4-406A-810B-B0AA9210BAF3}.Release|Any CPU.Build.0 = Release|Any CPU
		{F7DDA2EA-0388-4956-B8A4-64CE3A3D3AD3}.Debug|Any CPU.ActiveCfg = Debug|Any CPU
		{F7DDA2EA-0388-4956-B8A4-64CE3A3D3AD3}.Debug|Any CPU.Build.0 = Debug|Any CPU
		{F7DDA2EA-0388-4956-B8A4-64CE3A3D3AD3}.Release|Any CPU.ActiveCfg = Release|Any CPU
		{F7DDA2EA-0388-4956-B8A4-64CE3A3D3AD3}.Release|Any CPU.Build.0 = Release|Any CPU
		{C07A644E-B0BB-5AFA-0590-507B4B925FE2}.Debug|Any CPU.ActiveCfg = Debug|Any CPU
		{C07A644E-B0BB-5AFA-0590-507B4B925FE2}.Debug|Any CPU.Build.0 = Debug|Any CPU
		{C07A644E-B0BB-5AFA-0590-507B4B925FE2}.Release|Any CPU.ActiveCfg = Release|Any CPU
		{C07A644E-B0BB-5AFA-0590-507B4B925FE2}.Release|Any CPU.Build.0 = Release|Any CPU
		{3AD5FE16-C4A6-0194-8004-BC408A4BC847}.Debug|Any CPU.ActiveCfg = Debug|Any CPU
		{3AD5FE16-C4A6-0194-8004-BC408A4BC847}.Debug|Any CPU.Build.0 = Debug|Any CPU
		{3AD5FE16-C4A6-0194-8004-BC408A4BC847}.Release|Any CPU.ActiveCfg = Release|Any CPU
		{3AD5FE16-C4A6-0194-8004-BC408A4BC847}.Release|Any CPU.Build.0 = Release|Any CPU
		{6D5840EB-EA4B-0A90-91AD-B47BFD81FFE6}.Debug|Any CPU.ActiveCfg = Debug|Any CPU
		{6D5840EB-EA4B-0A90-91AD-B47BFD81FFE6}.Debug|Any CPU.Build.0 = Debug|Any CPU
		{6D5840EB-EA4B-0A90-91AD-B47BFD81FFE6}.Release|Any CPU.ActiveCfg = Release|Any CPU
		{6D5840EB-EA4B-0A90-91AD-B47BFD81FFE6}.Release|Any CPU.Build.0 = Release|Any CPU
		{4D841955-5E60-B38B-C8AC-F94C0BFC22E3}.Debug|Any CPU.ActiveCfg = Debug|Any CPU
		{4D841955-5E60-B38B-C8AC-F94C0BFC22E3}.Debug|Any CPU.Build.0 = Debug|Any CPU
		{4D841955-5E60-B38B-C8AC-F94C0BFC22E3}.Release|Any CPU.ActiveCfg = Release|Any CPU
		{4D841955-5E60-B38B-C8AC-F94C0BFC22E3}.Release|Any CPU.Build.0 = Release|Any CPU
		{DDD18A58-004C-40EA-9CCF-91CE46E74BE3}.Debug|Any CPU.ActiveCfg = Debug|Any CPU
		{DDD18A58-004C-40EA-9CCF-91CE46E74BE3}.Debug|Any CPU.Build.0 = Debug|Any CPU
		{DDD18A58-004C-40EA-9CCF-91CE46E74BE3}.Release|Any CPU.ActiveCfg = Release|Any CPU
		{DDD18A58-004C-40EA-9CCF-91CE46E74BE3}.Release|Any CPU.Build.0 = Release|Any CPU
		{7221E11F-CD16-4BF1-9004-8FE3D4CDEFA4}.Debug|Any CPU.ActiveCfg = Debug|Any CPU
		{7221E11F-CD16-4BF1-9004-8FE3D4CDEFA4}.Debug|Any CPU.Build.0 = Debug|Any CPU
		{7221E11F-CD16-4BF1-9004-8FE3D4CDEFA4}.Release|Any CPU.ActiveCfg = Release|Any CPU
		{7221E11F-CD16-4BF1-9004-8FE3D4CDEFA4}.Release|Any CPU.Build.0 = Release|Any CPU
		{ED3B8BCF-F511-4626-A59A-47AE7B458ABF}.Debug|Any CPU.ActiveCfg = Debug|Any CPU
		{ED3B8BCF-F511-4626-A59A-47AE7B458ABF}.Debug|Any CPU.Build.0 = Debug|Any CPU
		{ED3B8BCF-F511-4626-A59A-47AE7B458ABF}.Release|Any CPU.ActiveCfg = Release|Any CPU
		{ED3B8BCF-F511-4626-A59A-47AE7B458ABF}.Release|Any CPU.Build.0 = Release|Any CPU
		{7B31DC1F-CE75-4F4F-981F-5A210D8B854E}.Debug|Any CPU.ActiveCfg = Debug|Any CPU
		{7B31DC1F-CE75-4F4F-981F-5A210D8B854E}.Debug|Any CPU.Build.0 = Debug|Any CPU
		{7B31DC1F-CE75-4F4F-981F-5A210D8B854E}.Release|Any CPU.ActiveCfg = Release|Any CPU
		{7B31DC1F-CE75-4F4F-981F-5A210D8B854E}.Release|Any CPU.Build.0 = Release|Any CPU
		{E44AF03D-1D31-40E3-ABC4-8533FAF84D16}.Debug|Any CPU.ActiveCfg = Debug|Any CPU
		{E44AF03D-1D31-40E3-ABC4-8533FAF84D16}.Debug|Any CPU.Build.0 = Debug|Any CPU
		{E44AF03D-1D31-40E3-ABC4-8533FAF84D16}.Release|Any CPU.ActiveCfg = Release|Any CPU
		{E44AF03D-1D31-40E3-ABC4-8533FAF84D16}.Release|Any CPU.Build.0 = Release|Any CPU
		{FFDA05C2-DCA2-487A-94EB-72423AA122DA}.Debug|Any CPU.ActiveCfg = Debug|Any CPU
		{FFDA05C2-DCA2-487A-94EB-72423AA122DA}.Debug|Any CPU.Build.0 = Debug|Any CPU
		{FFDA05C2-DCA2-487A-94EB-72423AA122DA}.Release|Any CPU.ActiveCfg = Release|Any CPU
		{FFDA05C2-DCA2-487A-94EB-72423AA122DA}.Release|Any CPU.Build.0 = Release|Any CPU
		{8E60509F-F681-41FC-A182-ED13B8482039}.Debug|Any CPU.ActiveCfg = Debug|Any CPU
		{8E60509F-F681-41FC-A182-ED13B8482039}.Debug|Any CPU.Build.0 = Debug|Any CPU
		{8E60509F-F681-41FC-A182-ED13B8482039}.Release|Any CPU.ActiveCfg = Release|Any CPU
		{8E60509F-F681-41FC-A182-ED13B8482039}.Release|Any CPU.Build.0 = Release|Any CPU
		{DAD352BE-7E65-409D-BCD1-26B0C76A7A32}.Debug|Any CPU.ActiveCfg = Debug|Any CPU
		{DAD352BE-7E65-409D-BCD1-26B0C76A7A32}.Debug|Any CPU.Build.0 = Debug|Any CPU
		{DAD352BE-7E65-409D-BCD1-26B0C76A7A32}.Release|Any CPU.ActiveCfg = Release|Any CPU
		{DAD352BE-7E65-409D-BCD1-26B0C76A7A32}.Release|Any CPU.Build.0 = Release|Any CPU
		{DB426C41-BC4F-4CA4-8B3E-ADC99C229BF5}.Debug|Any CPU.ActiveCfg = Debug|Any CPU
		{DB426C41-BC4F-4CA4-8B3E-ADC99C229BF5}.Debug|Any CPU.Build.0 = Debug|Any CPU
		{DB426C41-BC4F-4CA4-8B3E-ADC99C229BF5}.Release|Any CPU.ActiveCfg = Release|Any CPU
		{DB426C41-BC4F-4CA4-8B3E-ADC99C229BF5}.Release|Any CPU.Build.0 = Release|Any CPU
		{787BB2E5-94B4-4D5B-8CF4-F87DEE35464C}.Debug|Any CPU.ActiveCfg = Debug|Any CPU
		{787BB2E5-94B4-4D5B-8CF4-F87DEE35464C}.Debug|Any CPU.Build.0 = Debug|Any CPU
		{787BB2E5-94B4-4D5B-8CF4-F87DEE35464C}.Release|Any CPU.ActiveCfg = Release|Any CPU
		{787BB2E5-94B4-4D5B-8CF4-F87DEE35464C}.Release|Any CPU.Build.0 = Release|Any CPU
		{4C74A4D5-8DE3-4381-9F53-1448A2F4F9FB}.Debug|Any CPU.ActiveCfg = Debug|Any CPU
		{4C74A4D5-8DE3-4381-9F53-1448A2F4F9FB}.Debug|Any CPU.Build.0 = Debug|Any CPU
		{4C74A4D5-8DE3-4381-9F53-1448A2F4F9FB}.Release|Any CPU.ActiveCfg = Release|Any CPU
		{4C74A4D5-8DE3-4381-9F53-1448A2F4F9FB}.Release|Any CPU.Build.0 = Release|Any CPU
		{0B08C0BC-BD65-4F08-A334-D7DCC926F125}.Debug|Any CPU.ActiveCfg = Debug|Any CPU
		{0B08C0BC-BD65-4F08-A334-D7DCC926F125}.Debug|Any CPU.Build.0 = Debug|Any CPU
		{0B08C0BC-BD65-4F08-A334-D7DCC926F125}.Release|Any CPU.ActiveCfg = Release|Any CPU
		{0B08C0BC-BD65-4F08-A334-D7DCC926F125}.Release|Any CPU.Build.0 = Release|Any CPU
		{FC2D83D4-9B4C-467B-9FEC-A07A83E4388B}.Debug|Any CPU.ActiveCfg = Debug|Any CPU
		{FC2D83D4-9B4C-467B-9FEC-A07A83E4388B}.Debug|Any CPU.Build.0 = Debug|Any CPU
		{FC2D83D4-9B4C-467B-9FEC-A07A83E4388B}.Release|Any CPU.ActiveCfg = Release|Any CPU
		{FC2D83D4-9B4C-467B-9FEC-A07A83E4388B}.Release|Any CPU.Build.0 = Release|Any CPU
		{5F22E6CC-FBFA-480E-8587-4F9940E42A48}.Debug|Any CPU.ActiveCfg = Debug|Any CPU
		{5F22E6CC-FBFA-480E-8587-4F9940E42A48}.Debug|Any CPU.Build.0 = Debug|Any CPU
		{5F22E6CC-FBFA-480E-8587-4F9940E42A48}.Release|Any CPU.ActiveCfg = Release|Any CPU
		{5F22E6CC-FBFA-480E-8587-4F9940E42A48}.Release|Any CPU.Build.0 = Release|Any CPU
		{119DA607-42BF-4D87-860B-A43F009A11B9}.Debug|Any CPU.ActiveCfg = Debug|Any CPU
		{119DA607-42BF-4D87-860B-A43F009A11B9}.Debug|Any CPU.Build.0 = Debug|Any CPU
		{119DA607-42BF-4D87-860B-A43F009A11B9}.Release|Any CPU.ActiveCfg = Release|Any CPU
		{119DA607-42BF-4D87-860B-A43F009A11B9}.Release|Any CPU.Build.0 = Release|Any CPU
		{07B8E2A6-01C4-4A1F-9CC9-3EC2B90931AA}.Debug|Any CPU.ActiveCfg = Debug|Any CPU
		{07B8E2A6-01C4-4A1F-9CC9-3EC2B90931AA}.Debug|Any CPU.Build.0 = Debug|Any CPU
		{07B8E2A6-01C4-4A1F-9CC9-3EC2B90931AA}.Release|Any CPU.ActiveCfg = Release|Any CPU
		{07B8E2A6-01C4-4A1F-9CC9-3EC2B90931AA}.Release|Any CPU.Build.0 = Release|Any CPU
		{1569E690-07F0-4F35-A768-132CC4A29B54}.Debug|Any CPU.ActiveCfg = Debug|Any CPU
		{1569E690-07F0-4F35-A768-132CC4A29B54}.Debug|Any CPU.Build.0 = Debug|Any CPU
		{1569E690-07F0-4F35-A768-132CC4A29B54}.Release|Any CPU.ActiveCfg = Release|Any CPU
		{1569E690-07F0-4F35-A768-132CC4A29B54}.Release|Any CPU.Build.0 = Release|Any CPU
		{9EE3ECD9-6A86-4AA1-9988-621C14D185E9}.Debug|Any CPU.ActiveCfg = Debug|Any CPU
		{9EE3ECD9-6A86-4AA1-9988-621C14D185E9}.Debug|Any CPU.Build.0 = Debug|Any CPU
		{9EE3ECD9-6A86-4AA1-9988-621C14D185E9}.Release|Any CPU.ActiveCfg = Release|Any CPU
		{9EE3ECD9-6A86-4AA1-9988-621C14D185E9}.Release|Any CPU.Build.0 = Release|Any CPU
		{578F9C3E-AD55-4F90-A7CF-DBA7890A8959}.Debug|Any CPU.ActiveCfg = Debug|Any CPU
		{578F9C3E-AD55-4F90-A7CF-DBA7890A8959}.Debug|Any CPU.Build.0 = Debug|Any CPU
		{578F9C3E-AD55-4F90-A7CF-DBA7890A8959}.Release|Any CPU.ActiveCfg = Release|Any CPU
		{578F9C3E-AD55-4F90-A7CF-DBA7890A8959}.Release|Any CPU.Build.0 = Release|Any CPU
		{D2EAA862-2A39-480A-909E-556C06194B05}.Debug|Any CPU.ActiveCfg = Debug|Any CPU
		{D2EAA862-2A39-480A-909E-556C06194B05}.Debug|Any CPU.Build.0 = Debug|Any CPU
		{D2EAA862-2A39-480A-909E-556C06194B05}.Release|Any CPU.ActiveCfg = Release|Any CPU
		{D2EAA862-2A39-480A-909E-556C06194B05}.Release|Any CPU.Build.0 = Release|Any CPU
		{9C3AE3EB-2CDC-4EE0-9EC0-9DD87EE2FFDC}.Debug|Any CPU.ActiveCfg = Debug|Any CPU
		{9C3AE3EB-2CDC-4EE0-9EC0-9DD87EE2FFDC}.Debug|Any CPU.Build.0 = Debug|Any CPU
		{9C3AE3EB-2CDC-4EE0-9EC0-9DD87EE2FFDC}.Release|Any CPU.ActiveCfg = Release|Any CPU
		{9C3AE3EB-2CDC-4EE0-9EC0-9DD87EE2FFDC}.Release|Any CPU.Build.0 = Release|Any CPU
		{B6B2CDD2-9A4D-4F65-9A0B-C283AA2F4E71}.Debug|Any CPU.ActiveCfg = Debug|Any CPU
		{B6B2CDD2-9A4D-4F65-9A0B-C283AA2F4E71}.Debug|Any CPU.Build.0 = Debug|Any CPU
		{B6B2CDD2-9A4D-4F65-9A0B-C283AA2F4E71}.Release|Any CPU.ActiveCfg = Release|Any CPU
		{B6B2CDD2-9A4D-4F65-9A0B-C283AA2F4E71}.Release|Any CPU.Build.0 = Release|Any CPU
		{7175F832-F15E-4807-ADDD-848654805113}.Debug|Any CPU.ActiveCfg = Debug|Any CPU
		{7175F832-F15E-4807-ADDD-848654805113}.Debug|Any CPU.Build.0 = Debug|Any CPU
		{7175F832-F15E-4807-ADDD-848654805113}.Release|Any CPU.ActiveCfg = Release|Any CPU
		{7175F832-F15E-4807-ADDD-848654805113}.Release|Any CPU.Build.0 = Release|Any CPU
		{F8B4C29E-1A98-4305-BA85-00CD6C2ECC91}.Debug|Any CPU.ActiveCfg = Debug|Any CPU
		{F8B4C29E-1A98-4305-BA85-00CD6C2ECC91}.Debug|Any CPU.Build.0 = Debug|Any CPU
		{F8B4C29E-1A98-4305-BA85-00CD6C2ECC91}.Release|Any CPU.ActiveCfg = Release|Any CPU
		{F8B4C29E-1A98-4305-BA85-00CD6C2ECC91}.Release|Any CPU.Build.0 = Release|Any CPU
	EndGlobalSection
	GlobalSection(SolutionProperties) = preSolution
		HideSolutionNode = FALSE
	EndGlobalSection
	GlobalSection(NestedProjects) = preSolution
		{25103BEE-1CF3-48E1-8954-BD8245A0FB3B} = {02EA681E-C7D8-13C7-8484-4AC65E1B71E8}
		{02FA6566-6FEE-48E2-BC6F-D05DE9811BC6} = {02EA681E-C7D8-13C7-8484-4AC65E1B71E8}
		{F2005DD3-B402-47B8-8C35-D077C3FB72EE} = {02EA681E-C7D8-13C7-8484-4AC65E1B71E8}
		{334A7C18-CA6A-4614-B37F-A2F06732E08C} = {02EA681E-C7D8-13C7-8484-4AC65E1B71E8}
		{8480DAF9-8EA4-4FED-BAF6-F68B87F5BFC1} = {02EA681E-C7D8-13C7-8484-4AC65E1B71E8}
		{8561BF5E-DE27-4351-AF00-F2F2035D4DB0} = {02EA681E-C7D8-13C7-8484-4AC65E1B71E8}
		{6C1B43C1-4A48-4851-AED0-2455EA63B00F} = {F053FCB4-92B3-4DF2-B232-39D5FDDE935F}
		{EF03FBA1-CF68-4AA0-80B6-AA90874390F6} = {F053FCB4-92B3-4DF2-B232-39D5FDDE935F}
		{A5EE4B82-A226-4814-B5BB-373FDC458C9E} = {F053FCB4-92B3-4DF2-B232-39D5FDDE935F}
		{98AB3B3E-C1A4-406A-810B-B0AA9210BAF3} = {F053FCB4-92B3-4DF2-B232-39D5FDDE935F}
		{F7DDA2EA-0388-4956-B8A4-64CE3A3D3AD3} = {F053FCB4-92B3-4DF2-B232-39D5FDDE935F}
		{C07A644E-B0BB-5AFA-0590-507B4B925FE2} = {CF7B8F55-27F1-4998-AE1C-09321BC92B76}
		{3AD5FE16-C4A6-0194-8004-BC408A4BC847} = {CF7B8F55-27F1-4998-AE1C-09321BC92B76}
		{6D5840EB-EA4B-0A90-91AD-B47BFD81FFE6} = {CF7B8F55-27F1-4998-AE1C-09321BC92B76}
		{4D841955-5E60-B38B-C8AC-F94C0BFC22E3} = {CF7B8F55-27F1-4998-AE1C-09321BC92B76}
		{DDD18A58-004C-40EA-9CCF-91CE46E74BE3} = {F053FCB4-92B3-4DF2-B232-39D5FDDE935F}
		{7221E11F-CD16-4BF1-9004-8FE3D4CDEFA4} = {145FEF63-2522-43CF-94C9-B187A2B3EE9A}
		{ED3B8BCF-F511-4626-A59A-47AE7B458ABF} = {145FEF63-2522-43CF-94C9-B187A2B3EE9A}
		{7B31DC1F-CE75-4F4F-981F-5A210D8B854E} = {145FEF63-2522-43CF-94C9-B187A2B3EE9A}
		{E44AF03D-1D31-40E3-ABC4-8533FAF84D16} = {145FEF63-2522-43CF-94C9-B187A2B3EE9A}
		{FFDA05C2-DCA2-487A-94EB-72423AA122DA} = {145FEF63-2522-43CF-94C9-B187A2B3EE9A}
		{8E60509F-F681-41FC-A182-ED13B8482039} = {145FEF63-2522-43CF-94C9-B187A2B3EE9A}
		{DAD352BE-7E65-409D-BCD1-26B0C76A7A32} = {145FEF63-2522-43CF-94C9-B187A2B3EE9A}
		{DB426C41-BC4F-4CA4-8B3E-ADC99C229BF5} = {145FEF63-2522-43CF-94C9-B187A2B3EE9A}
		{787BB2E5-94B4-4D5B-8CF4-F87DEE35464C} = {145FEF63-2522-43CF-94C9-B187A2B3EE9A}
		{4C74A4D5-8DE3-4381-9F53-1448A2F4F9FB} = {145FEF63-2522-43CF-94C9-B187A2B3EE9A}
		{0B08C0BC-BD65-4F08-A334-D7DCC926F125} = {145FEF63-2522-43CF-94C9-B187A2B3EE9A}
		{FC2D83D4-9B4C-467B-9FEC-A07A83E4388B} = {145FEF63-2522-43CF-94C9-B187A2B3EE9A}
		{5F22E6CC-FBFA-480E-8587-4F9940E42A48} = {145FEF63-2522-43CF-94C9-B187A2B3EE9A}
		{119DA607-42BF-4D87-860B-A43F009A11B9} = {145FEF63-2522-43CF-94C9-B187A2B3EE9A}
		{07B8E2A6-01C4-4A1F-9CC9-3EC2B90931AA} = {76D5C924-DE57-42AA-B5F0-2756D4729008}
		{1569E690-07F0-4F35-A768-132CC4A29B54} = {76D5C924-DE57-42AA-B5F0-2756D4729008}
		{9EE3ECD9-6A86-4AA1-9988-621C14D185E9} = {76D5C924-DE57-42AA-B5F0-2756D4729008}
		{578F9C3E-AD55-4F90-A7CF-DBA7890A8959} = {76D5C924-DE57-42AA-B5F0-2756D4729008}
		{D2EAA862-2A39-480A-909E-556C06194B05} = {76D5C924-DE57-42AA-B5F0-2756D4729008}
		{9C3AE3EB-2CDC-4EE0-9EC0-9DD87EE2FFDC} = {76D5C924-DE57-42AA-B5F0-2756D4729008}
		{B6B2CDD2-9A4D-4F65-9A0B-C283AA2F4E71} = {76D5C924-DE57-42AA-B5F0-2756D4729008}
		{7175F832-F15E-4807-ADDD-848654805113} = {76D5C924-DE57-42AA-B5F0-2756D4729008}
		{F8B4C29E-1A98-4305-BA85-00CD6C2ECC91} = {76D5C924-DE57-42AA-B5F0-2756D4729008}
	EndGlobalSection
	GlobalSection(ExtensibilityGlobals) = postSolution
		SolutionGuid = {345E22DB-1519-4F00-8736-69F542B36A9D}
	EndGlobalSection
EndGlobal
